{
  "object": {
    "pins": [
      {
        "package": "DataStructure",
        "repositoryURL": "https://github.com/ikhsan/DataStructure",
        "state": {
          "branch": "master",
          "revision": "689a128652d543e2729052c5e62da2c60ed22262",
          "version": null
        }
      }
    ]
  },
  "version": 1
}
