{
  "object": {
    "pins": [
      {
        "package": "DataStructure",
        "repositoryURL": "https://github.com/ikhsan/DataStructure",
        "state": {
          "branch": "master",
          "revision": "528659ab4822871f78ca050269cce8eea81f5a85",
          "version": null
        }
      }
    ]
  },
  "version": 1
}
